
Microsoft Visual Studio Solution File, Format Version 12.00
# Visual Studio Version 16
VisualStudioVersion = 16.0.30804.86
MinimumVisualStudioVersion = 10.0.40219.1
Project("{9A19103F-16F7-4668-BE54-9A1E7A4F7556}") = "Northwind20.UI.Tests", "Northwind20.UI.Tests\Northwind20.UI.Tests.csproj", "{F67BB2CE-8F5D-428D-A952-A24E5D2DCBC6}"
EndProject
Project("{9A19103F-16F7-4668-BE54-9A1E7A4F7556}") = "HelloWorld", "HelloWorld\HelloWorld.csproj", "{A4746617-2B27-47FA-9587-D279E164EB70}"
EndProject
Project("{FAE04EC0-301F-11D3-BF4B-00C04F79EFBC}") = "CodedUITestProject1", "CodedUITestProject1\CodedUITestProject1.csproj", "{8F50C895-D70D-41E5-8532-2181D9D6EE0D}"
EndProject
Project("{FAE04EC0-301F-11D3-BF4B-00C04F79EFBC}") = "CodedUITestProject2", "CodedUITestProject2\CodedUITestProject2.csproj", "{ABD7CB10-293C-49D3-BDD7-862D260918FD}"
EndProject
Global
	GlobalSection(SolutionConfigurationPlatforms) = preSolution
		Debug|Any CPU = Debug|Any CPU
		Release|Any CPU = Release|Any CPU
	EndGlobalSection
	GlobalSection(ProjectConfigurationPlatforms) = postSolution
		{F67BB2CE-8F5D-428D-A952-A24E5D2DCBC6}.Debug|Any CPU.ActiveCfg = Debug|Any CPU
		{F67BB2CE-8F5D-428D-A952-A24E5D2DCBC6}.Debug|Any CPU.Build.0 = Debug|Any CPU
		{F67BB2CE-8F5D-428D-A952-A24E5D2DCBC6}.Release|Any CPU.ActiveCfg = Release|Any CPU
		{F67BB2CE-8F5D-428D-A952-A24E5D2DCBC6}.Release|Any CPU.Build.0 = Release|Any CPU
		{A4746617-2B27-47FA-9587-D279E164EB70}.Debug|Any CPU.ActiveCfg = Debug|Any CPU
		{A4746617-2B27-47FA-9587-D279E164EB70}.Debug|Any CPU.Build.0 = Debug|Any CPU
		{A4746617-2B27-47FA-9587-D279E164EB70}.Release|Any CPU.ActiveCfg = Release|Any CPU
		{A4746617-2B27-47FA-9587-D279E164EB70}.Release|Any CPU.Build.0 = Release|Any CPU
		{8F50C895-D70D-41E5-8532-2181D9D6EE0D}.Debug|Any CPU.ActiveCfg = Debug|Any CPU
		{8F50C895-D70D-41E5-8532-2181D9D6EE0D}.Debug|Any CPU.Build.0 = Debug|Any CPU
		{8F50C895-D70D-41E5-8532-2181D9D6EE0D}.Release|Any CPU.ActiveCfg = Release|Any CPU
		{8F50C895-D70D-41E5-8532-2181D9D6EE0D}.Release|Any CPU.Build.0 = Release|Any CPU
		{ABD7CB10-293C-49D3-BDD7-862D260918FD}.Debug|Any CPU.ActiveCfg = Debug|Any CPU
		{ABD7CB10-293C-49D3-BDD7-862D260918FD}.Debug|Any CPU.Build.0 = Debug|Any CPU
		{ABD7CB10-293C-49D3-BDD7-862D260918FD}.Release|Any CPU.ActiveCfg = Release|Any CPU
		{ABD7CB10-293C-49D3-BDD7-862D260918FD}.Release|Any CPU.Build.0 = Release|Any CPU
	EndGlobalSection
	GlobalSection(SolutionProperties) = preSolution
		HideSolutionNode = FALSE
	EndGlobalSection
	GlobalSection(ExtensibilityGlobals) = postSolution
		SolutionGuid = {A3A67F17-5B68-4A48-A470-665E4674B773}
	EndGlobalSection
EndGlobal
